
Microsoft Visual Studio Solution File, Format Version 12.00
# Visual Studio Version 16
VisualStudioVersion = 16.0.31410.357
MinimumVisualStudioVersion = 10.0.40219.1
Project("{FAE04EC0-301F-11D3-BF4B-00C04F79EFBC}") = "LibraryManagerBlazor", "LibraryManagerBlazor\LibraryManagerBlazor.csproj", "{208DCF39-3219-4620-8EDF-68C3E80F188D}"
EndProject
Global
	GlobalSection(SolutionConfigurationPlatforms) = preSolution
		Debug|Any CPU = Debug|Any CPU
		Release|Any CPU = Release|Any CPU
	EndGlobalSection
	GlobalSection(ProjectConfigurationPlatforms) = postSolution
		{208DCF39-3219-4620-8EDF-68C3E80F188D}.Debug|Any CPU.ActiveCfg = Debug|Any CPU
		{208DCF39-3219-4620-8EDF-68C3E80F188D}.Debug|Any CPU.Build.0 = Debug|Any CPU
		{208DCF39-3219-4620-8EDF-68C3E80F188D}.Release|Any CPU.ActiveCfg = Release|Any CPU
		{208DCF39-3219-4620-8EDF-68C3E80F188D}.Release|Any CPU.Build.0 = Release|Any CPU
	EndGlobalSection
	GlobalSection(SolutionProperties) = preSolution
		HideSolutionNode = FALSE
	EndGlobalSection
	GlobalSection(ExtensibilityGlobals) = postSolution
		SolutionGuid = {0073EA93-4D8A-4A2E-8515-4D76D0F15101}
	EndGlobalSection
EndGlobal
